// !$*UTF8*$!
{
	archiveVersion = 1;
	classes = {
	};
	objectVersion = 51;
	objects = {

/* Begin PBXBuildFile section */
		1477B96D136B2FFF138E0C55 /* Pods_AviaSalesConcept.framework in Frameworks */ = {isa = PBXBuildFile; fileRef = E375D50B4B98F9878216637C /* Pods_AviaSalesConcept.framework */; };
		FA1B3B9C25335DA10097CBEC /* RestorantsViewController.m in Sources */ = {isa = PBXBuildFile; fileRef = FA1B3B9B25335DA10097CBEC /* RestorantsViewController.m */; };
		FA1B3BA1253372820097CBEC /* Restaurants.xcassets in Resources */ = {isa = PBXBuildFile; fileRef = FA1B3BA0253372820097CBEC /* Restaurants.xcassets */; };
		FA1B3BA6253375F20097CBEC /* cities.json in Resources */ = {isa = PBXBuildFile; fileRef = FA1B3BA3253375F20097CBEC /* cities.json */; };
		FA1B3BA7253375F20097CBEC /* countries.json in Resources */ = {isa = PBXBuildFile; fileRef = FA1B3BA4253375F20097CBEC /* countries.json */; };
		FA1B3BA8253375F20097CBEC /* airports.json in Resources */ = {isa = PBXBuildFile; fileRef = FA1B3BA5253375F20097CBEC /* airports.json */; };
		FA27355025365BA700F88529 /* SearchViewController.m in Sources */ = {isa = PBXBuildFile; fileRef = FA27354F25365BA700F88529 /* SearchViewController.m */; };
		FA27355625365EC300F88529 /* SearchControl.m in Sources */ = {isa = PBXBuildFile; fileRef = FA27355525365EC300F88529 /* SearchControl.m */; };
		FA27355A25365F8900F88529 /* SearchControl.xcassets in Resources */ = {isa = PBXBuildFile; fileRef = FA27355925365F8900F88529 /* SearchControl.xcassets */; };
		FA27355F2536736500F88529 /* PickableLabel.m in Sources */ = {isa = PBXBuildFile; fileRef = FA27355E2536736500F88529 /* PickableLabel.m */; };
		FA2735672537A49E00F88529 /* SegmentControl.m in Sources */ = {isa = PBXBuildFile; fileRef = FA2735662537A49E00F88529 /* SegmentControl.m */; };
		FA27356D2538348B00F88529 /* SearchPresenter.m in Sources */ = {isa = PBXBuildFile; fileRef = FA27356C2538348B00F88529 /* SearchPresenter.m */; };
		FA2735722538360500F88529 /* DatePickerCell.m in Sources */ = {isa = PBXBuildFile; fileRef = FA2735712538360500F88529 /* DatePickerCell.m */; };
		FA273579253856E800F88529 /* PickerCell.m in Sources */ = {isa = PBXBuildFile; fileRef = FA273578253856E800F88529 /* PickerCell.m */; };
		FA2735802538800900F88529 /* SearchResultsViewController.m in Sources */ = {isa = PBXBuildFile; fileRef = FA27357F2538800900F88529 /* SearchResultsViewController.m */; };
		FA2735852538829200F88529 /* FlightCell.m in Sources */ = {isa = PBXBuildFile; fileRef = FA2735842538829200F88529 /* FlightCell.m */; };
		FA27358E25388A4700F88529 /* FlightModel.m in Sources */ = {isa = PBXBuildFile; fileRef = FA27358D25388A4700F88529 /* FlightModel.m */; };
		FA27359225388AAD00F88529 /* SearchResultsPresenter.m in Sources */ = {isa = PBXBuildFile; fileRef = FA27359125388AAD00F88529 /* SearchResultsPresenter.m */; };
		FA2735A32539ECC600F88529 /* NavigationController.m in Sources */ = {isa = PBXBuildFile; fileRef = FA2735A22539ECC600F88529 /* NavigationController.m */; };
		FA78343A2531AEA2004AD2B7 /* AppDelegate.m in Sources */ = {isa = PBXBuildFile; fileRef = FA7834392531AEA2004AD2B7 /* AppDelegate.m */; };
		FA7834402531AEA2004AD2B7 /* MainViewController.m in Sources */ = {isa = PBXBuildFile; fileRef = FA78343F2531AEA2004AD2B7 /* MainViewController.m */; };
		FA7834452531AEA3004AD2B7 /* Assets.xcassets in Resources */ = {isa = PBXBuildFile; fileRef = FA7834442531AEA3004AD2B7 /* Assets.xcassets */; };
		FA7834482531AEA3004AD2B7 /* LaunchScreen.storyboard in Resources */ = {isa = PBXBuildFile; fileRef = FA7834462531AEA3004AD2B7 /* LaunchScreen.storyboard */; };
		FA78344B2531AEA3004AD2B7 /* main.m in Sources */ = {isa = PBXBuildFile; fileRef = FA78344A2531AEA3004AD2B7 /* main.m */; };
		FA78346025332320004AD2B7 /* Main.xcassets in Resources */ = {isa = PBXBuildFile; fileRef = FA78345F25332320004AD2B7 /* Main.xcassets */; };
		FA783463253324E3004AD2B7 /* Colors.xcassets in Resources */ = {isa = PBXBuildFile; fileRef = FA783462253324E3004AD2B7 /* Colors.xcassets */; };
		FA9329C825337F09005D6847 /* DataManager.m in Sources */ = {isa = PBXBuildFile; fileRef = FA9329C725337F09005D6847 /* DataManager.m */; };
		FA9329CD25338030005D6847 /* City.m in Sources */ = {isa = PBXBuildFile; fileRef = FA9329CC25338030005D6847 /* City.m */; };
		FA9329D425338342005D6847 /* Country.m in Sources */ = {isa = PBXBuildFile; fileRef = FA9329D325338342005D6847 /* Country.m */; };
		FA9329DA253383BC005D6847 /* Airport.m in Sources */ = {isa = PBXBuildFile; fileRef = FA9329D9253383BC005D6847 /* Airport.m */; };
		FA9329DF25349578005D6847 /* RestaurantCell.m in Sources */ = {isa = PBXBuildFile; fileRef = FA9329DE25349578005D6847 /* RestaurantCell.m */; };
		FA9329E52534AC55005D6847 /* Restaurant.m in Sources */ = {isa = PBXBuildFile; fileRef = FA9329E42534AC55005D6847 /* Restaurant.m */; };
		FADF8E74253B282B00D96D58 /* APIManager.m in Sources */ = {isa = PBXBuildFile; fileRef = FADF8E73253B282B00D96D58 /* APIManager.m */; };
		FADF8E78253B33C000D96D58 /* RequestCondition.m in Sources */ = {isa = PBXBuildFile; fileRef = FADF8E77253B33C000D96D58 /* RequestCondition.m */; };
		FAE5F649253F0C9900A69F31 /* NewsView.m in Sources */ = {isa = PBXBuildFile; fileRef = FAE5F648253F0C9900A69F31 /* NewsView.m */; };
		FAE5F64F253F10A700A69F31 /* NewsPresenter.m in Sources */ = {isa = PBXBuildFile; fileRef = FAE5F64E253F10A700A69F31 /* NewsPresenter.m */; };
		FAE5F686253F4A9400A69F31 /* ProfileCell.m in Sources */ = {isa = PBXBuildFile; fileRef = FAE5F685253F4A9400A69F31 /* ProfileCell.m */; };
		FAE5F68D253F9E1300A69F31 /* ServiceCell.m in Sources */ = {isa = PBXBuildFile; fileRef = FAE5F68C253F9E1300A69F31 /* ServiceCell.m */; };
		FAE5F692253FA93C00A69F31 /* NewsCell.m in Sources */ = {isa = PBXBuildFile; fileRef = FAE5F691253FA93C00A69F31 /* NewsCell.m */; };
		FAE5F6962540420100A69F31 /* NewsService.m in Sources */ = {isa = PBXBuildFile; fileRef = FAE5F6952540420100A69F31 /* NewsService.m */; };
		FAE5F69B25408C3100A69F31 /* NewsItem.m in Sources */ = {isa = PBXBuildFile; fileRef = FAE5F69A25408C3100A69F31 /* NewsItem.m */; };
		FAE5F6A12540AB3D00A69F31 /* NewsItemCell.m in Sources */ = {isa = PBXBuildFile; fileRef = FAE5F6A02540AB3D00A69F31 /* NewsItemCell.m */; };
		FAE5F6AE2540CF4600A69F31 /* NewsDetailViewController.m in Sources */ = {isa = PBXBuildFile; fileRef = FAE5F6AD2540CF4600A69F31 /* NewsDetailViewController.m */; };
		FAE5F6D725437B0100A69F31 /* DateHelper.m in Sources */ = {isa = PBXBuildFile; fileRef = FAE5F6D625437B0100A69F31 /* DateHelper.m */; };
		FAE5F6E125438CF300A69F31 /* TabBarController.m in Sources */ = {isa = PBXBuildFile; fileRef = FAE5F6E025438CF300A69F31 /* TabBarController.m */; };
		FAE5F6EC2545B97A00A69F31 /* MapViewController.m in Sources */ = {isa = PBXBuildFile; fileRef = FAE5F6EB2545B97A00A69F31 /* MapViewController.m */; };
		FAE5F6F32545F5F500A69F31 /* MapViewController+MapKit.m in Sources */ = {isa = PBXBuildFile; fileRef = FAE5F6F22545F5F500A69F31 /* MapViewController+MapKit.m */; };
		FAE5F6F92545FA0700A69F31 /* CustomAnnotationView.m in Sources */ = {isa = PBXBuildFile; fileRef = FAE5F6F82545FA0700A69F31 /* CustomAnnotationView.m */; };
/* End PBXBuildFile section */

/* Begin PBXFileReference section */
		3237967F6273EDC744F8A3A5 /* Pods-AviaSalesConcept.release.xcconfig */ = {isa = PBXFileReference; includeInIndex = 1; lastKnownFileType = text.xcconfig; name = "Pods-AviaSalesConcept.release.xcconfig"; path = "Target Support Files/Pods-AviaSalesConcept/Pods-AviaSalesConcept.release.xcconfig"; sourceTree = "<group>"; };
		767166AAD2450DCAA1B07EE5 /* Pods-AviaSalesConcept.debug.xcconfig */ = {isa = PBXFileReference; includeInIndex = 1; lastKnownFileType = text.xcconfig; name = "Pods-AviaSalesConcept.debug.xcconfig"; path = "Target Support Files/Pods-AviaSalesConcept/Pods-AviaSalesConcept.debug.xcconfig"; sourceTree = "<group>"; };
		E375D50B4B98F9878216637C /* Pods_AviaSalesConcept.framework */ = {isa = PBXFileReference; explicitFileType = wrapper.framework; includeInIndex = 0; path = Pods_AviaSalesConcept.framework; sourceTree = BUILT_PRODUCTS_DIR; };
		FA1B3B9A25335DA10097CBEC /* RestorantsViewController.h */ = {isa = PBXFileReference; lastKnownFileType = sourcecode.c.h; path = RestorantsViewController.h; sourceTree = "<group>"; };
		FA1B3B9B25335DA10097CBEC /* RestorantsViewController.m */ = {isa = PBXFileReference; lastKnownFileType = sourcecode.c.objc; path = RestorantsViewController.m; sourceTree = "<group>"; };
		FA1B3BA0253372820097CBEC /* Restaurants.xcassets */ = {isa = PBXFileReference; lastKnownFileType = folder.assetcatalog; path = Restaurants.xcassets; sourceTree = "<group>"; };
		FA1B3BA3253375F20097CBEC /* cities.json */ = {isa = PBXFileReference; fileEncoding = 4; lastKnownFileType = text.json; path = cities.json; sourceTree = "<group>"; };
		FA1B3BA4253375F20097CBEC /* countries.json */ = {isa = PBXFileReference; fileEncoding = 4; lastKnownFileType = text.json; path = countries.json; sourceTree = "<group>"; };
		FA1B3BA5253375F20097CBEC /* airports.json */ = {isa = PBXFileReference; fileEncoding = 4; lastKnownFileType = text.json; path = airports.json; sourceTree = "<group>"; };
		FA27354E25365BA700F88529 /* SearchViewController.h */ = {isa = PBXFileReference; lastKnownFileType = sourcecode.c.h; path = SearchViewController.h; sourceTree = "<group>"; };
		FA27354F25365BA700F88529 /* SearchViewController.m */ = {isa = PBXFileReference; lastKnownFileType = sourcecode.c.objc; path = SearchViewController.m; sourceTree = "<group>"; };
		FA27355425365EC300F88529 /* SearchControl.h */ = {isa = PBXFileReference; lastKnownFileType = sourcecode.c.h; path = SearchControl.h; sourceTree = "<group>"; };
		FA27355525365EC300F88529 /* SearchControl.m */ = {isa = PBXFileReference; lastKnownFileType = sourcecode.c.objc; path = SearchControl.m; sourceTree = "<group>"; };
		FA27355925365F8900F88529 /* SearchControl.xcassets */ = {isa = PBXFileReference; lastKnownFileType = folder.assetcatalog; path = SearchControl.xcassets; sourceTree = "<group>"; };
		FA27355D2536736500F88529 /* PickableLabel.h */ = {isa = PBXFileReference; lastKnownFileType = sourcecode.c.h; path = PickableLabel.h; sourceTree = "<group>"; };
		FA27355E2536736500F88529 /* PickableLabel.m */ = {isa = PBXFileReference; lastKnownFileType = sourcecode.c.objc; path = PickableLabel.m; sourceTree = "<group>"; };
		FA2735652537A49E00F88529 /* SegmentControl.h */ = {isa = PBXFileReference; lastKnownFileType = sourcecode.c.h; path = SegmentControl.h; sourceTree = "<group>"; };
		FA2735662537A49E00F88529 /* SegmentControl.m */ = {isa = PBXFileReference; lastKnownFileType = sourcecode.c.objc; path = SegmentControl.m; sourceTree = "<group>"; };
		FA27356B2538348B00F88529 /* SearchPresenter.h */ = {isa = PBXFileReference; lastKnownFileType = sourcecode.c.h; path = SearchPresenter.h; sourceTree = "<group>"; };
		FA27356C2538348B00F88529 /* SearchPresenter.m */ = {isa = PBXFileReference; lastKnownFileType = sourcecode.c.objc; path = SearchPresenter.m; sourceTree = "<group>"; };
		FA2735702538360500F88529 /* DatePickerCell.h */ = {isa = PBXFileReference; lastKnownFileType = sourcecode.c.h; path = DatePickerCell.h; sourceTree = "<group>"; };
		FA2735712538360500F88529 /* DatePickerCell.m */ = {isa = PBXFileReference; lastKnownFileType = sourcecode.c.objc; path = DatePickerCell.m; sourceTree = "<group>"; };
		FA2735752538423D00F88529 /* SearchCellModel.h */ = {isa = PBXFileReference; lastKnownFileType = sourcecode.c.h; path = SearchCellModel.h; sourceTree = "<group>"; };
		FA273577253856E800F88529 /* PickerCell.h */ = {isa = PBXFileReference; lastKnownFileType = sourcecode.c.h; path = PickerCell.h; sourceTree = "<group>"; };
		FA273578253856E800F88529 /* PickerCell.m */ = {isa = PBXFileReference; lastKnownFileType = sourcecode.c.objc; path = PickerCell.m; sourceTree = "<group>"; };
		FA27357E2538800900F88529 /* SearchResultsViewController.h */ = {isa = PBXFileReference; lastKnownFileType = sourcecode.c.h; path = SearchResultsViewController.h; sourceTree = "<group>"; };
		FA27357F2538800900F88529 /* SearchResultsViewController.m */ = {isa = PBXFileReference; lastKnownFileType = sourcecode.c.objc; path = SearchResultsViewController.m; sourceTree = "<group>"; };
		FA2735832538829200F88529 /* FlightCell.h */ = {isa = PBXFileReference; lastKnownFileType = sourcecode.c.h; path = FlightCell.h; sourceTree = "<group>"; };
		FA2735842538829200F88529 /* FlightCell.m */ = {isa = PBXFileReference; lastKnownFileType = sourcecode.c.objc; path = FlightCell.m; sourceTree = "<group>"; };
		FA27358C25388A4700F88529 /* FlightModel.h */ = {isa = PBXFileReference; lastKnownFileType = sourcecode.c.h; path = FlightModel.h; sourceTree = "<group>"; };
		FA27358D25388A4700F88529 /* FlightModel.m */ = {isa = PBXFileReference; lastKnownFileType = sourcecode.c.objc; path = FlightModel.m; sourceTree = "<group>"; };
		FA27359025388AAD00F88529 /* SearchResultsPresenter.h */ = {isa = PBXFileReference; lastKnownFileType = sourcecode.c.h; path = SearchResultsPresenter.h; sourceTree = "<group>"; };
		FA27359125388AAD00F88529 /* SearchResultsPresenter.m */ = {isa = PBXFileReference; lastKnownFileType = sourcecode.c.objc; path = SearchResultsPresenter.m; sourceTree = "<group>"; };
		FA2735A12539ECC600F88529 /* NavigationController.h */ = {isa = PBXFileReference; lastKnownFileType = sourcecode.c.h; path = NavigationController.h; sourceTree = "<group>"; };
		FA2735A22539ECC600F88529 /* NavigationController.m */ = {isa = PBXFileReference; lastKnownFileType = sourcecode.c.objc; path = NavigationController.m; sourceTree = "<group>"; };
		FA7834352531AEA2004AD2B7 /* AviaSalesConcept.app */ = {isa = PBXFileReference; explicitFileType = wrapper.application; includeInIndex = 0; path = AviaSalesConcept.app; sourceTree = BUILT_PRODUCTS_DIR; };
		FA7834382531AEA2004AD2B7 /* AppDelegate.h */ = {isa = PBXFileReference; lastKnownFileType = sourcecode.c.h; path = AppDelegate.h; sourceTree = "<group>"; };
		FA7834392531AEA2004AD2B7 /* AppDelegate.m */ = {isa = PBXFileReference; lastKnownFileType = sourcecode.c.objc; path = AppDelegate.m; sourceTree = "<group>"; };
		FA78343E2531AEA2004AD2B7 /* MainViewController.h */ = {isa = PBXFileReference; lastKnownFileType = sourcecode.c.h; path = MainViewController.h; sourceTree = "<group>"; };
		FA78343F2531AEA2004AD2B7 /* MainViewController.m */ = {isa = PBXFileReference; lastKnownFileType = sourcecode.c.objc; path = MainViewController.m; sourceTree = "<group>"; };
		FA7834442531AEA3004AD2B7 /* Assets.xcassets */ = {isa = PBXFileReference; lastKnownFileType = folder.assetcatalog; path = Assets.xcassets; sourceTree = "<group>"; };
		FA7834472531AEA3004AD2B7 /* Base */ = {isa = PBXFileReference; lastKnownFileType = file.storyboard; name = Base; path = Base.lproj/LaunchScreen.storyboard; sourceTree = "<group>"; };
		FA7834492531AEA3004AD2B7 /* Info.plist */ = {isa = PBXFileReference; lastKnownFileType = text.plist.xml; path = Info.plist; sourceTree = "<group>"; };
		FA78344A2531AEA3004AD2B7 /* main.m */ = {isa = PBXFileReference; lastKnownFileType = sourcecode.c.objc; path = main.m; sourceTree = "<group>"; };
		FA78345F25332320004AD2B7 /* Main.xcassets */ = {isa = PBXFileReference; lastKnownFileType = folder.assetcatalog; path = Main.xcassets; sourceTree = "<group>"; };
		FA783462253324E3004AD2B7 /* Colors.xcassets */ = {isa = PBXFileReference; lastKnownFileType = folder.assetcatalog; path = Colors.xcassets; sourceTree = "<group>"; };
		FA9329C625337F09005D6847 /* DataManager.h */ = {isa = PBXFileReference; lastKnownFileType = sourcecode.c.h; path = DataManager.h; sourceTree = "<group>"; };
		FA9329C725337F09005D6847 /* DataManager.m */ = {isa = PBXFileReference; lastKnownFileType = sourcecode.c.objc; path = DataManager.m; sourceTree = "<group>"; };
		FA9329CB25338030005D6847 /* City.h */ = {isa = PBXFileReference; lastKnownFileType = sourcecode.c.h; path = City.h; sourceTree = "<group>"; };
		FA9329CC25338030005D6847 /* City.m */ = {isa = PBXFileReference; lastKnownFileType = sourcecode.c.objc; path = City.m; sourceTree = "<group>"; };
		FA9329D225338342005D6847 /* Country.h */ = {isa = PBXFileReference; lastKnownFileType = sourcecode.c.h; path = Country.h; sourceTree = "<group>"; };
		FA9329D325338342005D6847 /* Country.m */ = {isa = PBXFileReference; lastKnownFileType = sourcecode.c.objc; path = Country.m; sourceTree = "<group>"; };
		FA9329D8253383BC005D6847 /* Airport.h */ = {isa = PBXFileReference; lastKnownFileType = sourcecode.c.h; path = Airport.h; sourceTree = "<group>"; };
		FA9329D9253383BC005D6847 /* Airport.m */ = {isa = PBXFileReference; lastKnownFileType = sourcecode.c.objc; path = Airport.m; sourceTree = "<group>"; };
		FA9329DD25349578005D6847 /* RestaurantCell.h */ = {isa = PBXFileReference; lastKnownFileType = sourcecode.c.h; path = RestaurantCell.h; sourceTree = "<group>"; };
		FA9329DE25349578005D6847 /* RestaurantCell.m */ = {isa = PBXFileReference; lastKnownFileType = sourcecode.c.objc; path = RestaurantCell.m; sourceTree = "<group>"; };
		FA9329E32534AC55005D6847 /* Restaurant.h */ = {isa = PBXFileReference; lastKnownFileType = sourcecode.c.h; path = Restaurant.h; sourceTree = "<group>"; };
		FA9329E42534AC55005D6847 /* Restaurant.m */ = {isa = PBXFileReference; lastKnownFileType = sourcecode.c.objc; path = Restaurant.m; sourceTree = "<group>"; };
		FA9329E72534AD11005D6847 /* Models.h */ = {isa = PBXFileReference; lastKnownFileType = sourcecode.c.h; path = Models.h; sourceTree = "<group>"; };
		FADF8E72253B282B00D96D58 /* APIManager.h */ = {isa = PBXFileReference; lastKnownFileType = sourcecode.c.h; path = APIManager.h; sourceTree = "<group>"; };
		FADF8E73253B282B00D96D58 /* APIManager.m */ = {isa = PBXFileReference; lastKnownFileType = sourcecode.c.objc; path = APIManager.m; sourceTree = "<group>"; };
		FADF8E76253B33C000D96D58 /* RequestCondition.h */ = {isa = PBXFileReference; lastKnownFileType = sourcecode.c.h; path = RequestCondition.h; sourceTree = "<group>"; };
		FADF8E77253B33C000D96D58 /* RequestCondition.m */ = {isa = PBXFileReference; lastKnownFileType = sourcecode.c.objc; path = RequestCondition.m; sourceTree = "<group>"; };
		FAE5F647253F0C9900A69F31 /* NewsView.h */ = {isa = PBXFileReference; lastKnownFileType = sourcecode.c.h; path = NewsView.h; sourceTree = "<group>"; };
		FAE5F648253F0C9900A69F31 /* NewsView.m */ = {isa = PBXFileReference; lastKnownFileType = sourcecode.c.objc; path = NewsView.m; sourceTree = "<group>"; };
		FAE5F64D253F10A700A69F31 /* NewsPresenter.h */ = {isa = PBXFileReference; lastKnownFileType = sourcecode.c.h; path = NewsPresenter.h; sourceTree = "<group>"; };
		FAE5F64E253F10A700A69F31 /* NewsPresenter.m */ = {isa = PBXFileReference; lastKnownFileType = sourcecode.c.objc; path = NewsPresenter.m; sourceTree = "<group>"; };
		FAE5F684253F4A9400A69F31 /* ProfileCell.h */ = {isa = PBXFileReference; lastKnownFileType = sourcecode.c.h; path = ProfileCell.h; sourceTree = "<group>"; };
		FAE5F685253F4A9400A69F31 /* ProfileCell.m */ = {isa = PBXFileReference; lastKnownFileType = sourcecode.c.objc; path = ProfileCell.m; sourceTree = "<group>"; };
		FAE5F68B253F9E1300A69F31 /* ServiceCell.h */ = {isa = PBXFileReference; lastKnownFileType = sourcecode.c.h; path = ServiceCell.h; sourceTree = "<group>"; };
		FAE5F68C253F9E1300A69F31 /* ServiceCell.m */ = {isa = PBXFileReference; lastKnownFileType = sourcecode.c.objc; path = ServiceCell.m; sourceTree = "<group>"; };
		FAE5F690253FA93C00A69F31 /* NewsCell.h */ = {isa = PBXFileReference; lastKnownFileType = sourcecode.c.h; path = NewsCell.h; sourceTree = "<group>"; };
		FAE5F691253FA93C00A69F31 /* NewsCell.m */ = {isa = PBXFileReference; lastKnownFileType = sourcecode.c.objc; path = NewsCell.m; sourceTree = "<group>"; };
		FAE5F6942540420100A69F31 /* NewsService.h */ = {isa = PBXFileReference; lastKnownFileType = sourcecode.c.h; path = NewsService.h; sourceTree = "<group>"; };
		FAE5F6952540420100A69F31 /* NewsService.m */ = {isa = PBXFileReference; lastKnownFileType = sourcecode.c.objc; path = NewsService.m; sourceTree = "<group>"; };
		FAE5F69925408C3100A69F31 /* NewsItem.h */ = {isa = PBXFileReference; lastKnownFileType = sourcecode.c.h; path = NewsItem.h; sourceTree = "<group>"; };
		FAE5F69A25408C3100A69F31 /* NewsItem.m */ = {isa = PBXFileReference; lastKnownFileType = sourcecode.c.objc; path = NewsItem.m; sourceTree = "<group>"; };
		FAE5F69F2540AB3D00A69F31 /* NewsItemCell.h */ = {isa = PBXFileReference; lastKnownFileType = sourcecode.c.h; path = NewsItemCell.h; sourceTree = "<group>"; };
		FAE5F6A02540AB3D00A69F31 /* NewsItemCell.m */ = {isa = PBXFileReference; lastKnownFileType = sourcecode.c.objc; path = NewsItemCell.m; sourceTree = "<group>"; };
		FAE5F6AC2540CF4600A69F31 /* NewsDetailViewController.h */ = {isa = PBXFileReference; lastKnownFileType = sourcecode.c.h; path = NewsDetailViewController.h; sourceTree = "<group>"; };
		FAE5F6AD2540CF4600A69F31 /* NewsDetailViewController.m */ = {isa = PBXFileReference; lastKnownFileType = sourcecode.c.objc; path = NewsDetailViewController.m; sourceTree = "<group>"; };
		FAE5F6B32540D7FB00A69F31 /* MainFlow.h */ = {isa = PBXFileReference; lastKnownFileType = sourcecode.c.h; path = MainFlow.h; sourceTree = "<group>"; };
		FAE5F6D525437B0100A69F31 /* DateHelper.h */ = {isa = PBXFileReference; lastKnownFileType = sourcecode.c.h; path = DateHelper.h; sourceTree = "<group>"; };
		FAE5F6D625437B0100A69F31 /* DateHelper.m */ = {isa = PBXFileReference; lastKnownFileType = sourcecode.c.objc; path = DateHelper.m; sourceTree = "<group>"; };
		FAE5F6DF25438CF300A69F31 /* TabBarController.h */ = {isa = PBXFileReference; lastKnownFileType = sourcecode.c.h; path = TabBarController.h; sourceTree = "<group>"; };
		FAE5F6E025438CF300A69F31 /* TabBarController.m */ = {isa = PBXFileReference; lastKnownFileType = sourcecode.c.objc; path = TabBarController.m; sourceTree = "<group>"; };
		FAE5F6EA2545B97A00A69F31 /* MapViewController.h */ = {isa = PBXFileReference; lastKnownFileType = sourcecode.c.h; path = MapViewController.h; sourceTree = "<group>"; };
		FAE5F6EB2545B97A00A69F31 /* MapViewController.m */ = {isa = PBXFileReference; lastKnownFileType = sourcecode.c.objc; path = MapViewController.m; sourceTree = "<group>"; };
		FAE5F6F12545F5F500A69F31 /* MapViewController+MapKit.h */ = {isa = PBXFileReference; lastKnownFileType = sourcecode.c.h; path = "MapViewController+MapKit.h"; sourceTree = "<group>"; };
		FAE5F6F22545F5F500A69F31 /* MapViewController+MapKit.m */ = {isa = PBXFileReference; lastKnownFileType = sourcecode.c.objc; path = "MapViewController+MapKit.m"; sourceTree = "<group>"; };
		FAE5F6F72545FA0700A69F31 /* CustomAnnotationView.h */ = {isa = PBXFileReference; lastKnownFileType = sourcecode.c.h; path = CustomAnnotationView.h; sourceTree = "<group>"; };
		FAE5F6F82545FA0700A69F31 /* CustomAnnotationView.m */ = {isa = PBXFileReference; lastKnownFileType = sourcecode.c.objc; path = CustomAnnotationView.m; sourceTree = "<group>"; };
/* End PBXFileReference section */

/* Begin PBXFrameworksBuildPhase section */
		FA7834322531AEA2004AD2B7 /* Frameworks */ = {
			isa = PBXFrameworksBuildPhase;
			buildActionMask = 2147483647;
			files = (
				1477B96D136B2FFF138E0C55 /* Pods_AviaSalesConcept.framework in Frameworks */,
			);
			runOnlyForDeploymentPostprocessing = 0;
		};
/* End PBXFrameworksBuildPhase section */

/* Begin PBXGroup section */
		1DAF851485AEC57B9BE25B32 /* Pods */ = {
			isa = PBXGroup;
			children = (
				767166AAD2450DCAA1B07EE5 /* Pods-AviaSalesConcept.debug.xcconfig */,
				3237967F6273EDC744F8A3A5 /* Pods-AviaSalesConcept.release.xcconfig */,
			);
			path = Pods;
			sourceTree = "<group>";
		};
		2143F030504B04AFE2FE5D70 /* Frameworks */ = {
			isa = PBXGroup;
			children = (
				E375D50B4B98F9878216637C /* Pods_AviaSalesConcept.framework */,
			);
			name = Frameworks;
			sourceTree = "<group>";
		};
		FA1B3B9925335D520097CBEC /* Restaurants */ = {
			isa = PBXGroup;
			children = (
				FA9329DC253485F8005D6847 /* Cells */,
				FA1B3B9A25335DA10097CBEC /* RestorantsViewController.h */,
				FA1B3B9B25335DA10097CBEC /* RestorantsViewController.m */,
				FA1B3BA0253372820097CBEC /* Restaurants.xcassets */,
			);
			path = Restaurants;
			sourceTree = "<group>";
		};
		FA1B3B9F2533721E0097CBEC /* Data */ = {
			isa = PBXGroup;
			children = (
				FA1B3BA5253375F20097CBEC /* airports.json */,
				FA1B3BA3253375F20097CBEC /* cities.json */,
				FA1B3BA4253375F20097CBEC /* countries.json */,
			);
			path = Data;
			sourceTree = "<group>";
		};
		FA27354C2536591300F88529 /* Search */ = {
			isa = PBXGroup;
			children = (
				FA27355325365E7400F88529 /* SearchControl */,
				FA27354E25365BA700F88529 /* SearchViewController.h */,
				FA27354F25365BA700F88529 /* SearchViewController.m */,
			);
			path = Search;
			sourceTree = "<group>";
		};
		FA27355325365E7400F88529 /* SearchControl */ = {
			isa = PBXGroup;
			children = (
				FA27356F2538352600F88529 /* Cells */,
				FA27356A25382F4800F88529 /* Presenter */,
				FA2735642537A3C700F88529 /* SegmentControl */,
				FA27355C2536734000F88529 /* PickableLabel */,
				FA2735622537A3B300F88529 /* SearchControl */,
				FA27355925365F8900F88529 /* SearchControl.xcassets */,
				FA2735752538423D00F88529 /* SearchCellModel.h */,
			);
			path = SearchControl;
			sourceTree = "<group>";
		};
		FA27355C2536734000F88529 /* PickableLabel */ = {
			isa = PBXGroup;
			children = (
				FA27355D2536736500F88529 /* PickableLabel.h */,
				FA27355E2536736500F88529 /* PickableLabel.m */,
			);
			path = PickableLabel;
			sourceTree = "<group>";
		};
		FA2735622537A3B300F88529 /* SearchControl */ = {
			isa = PBXGroup;
			children = (
				FA27355425365EC300F88529 /* SearchControl.h */,
				FA27355525365EC300F88529 /* SearchControl.m */,
			);
			path = SearchControl;
			sourceTree = "<group>";
		};
		FA2735642537A3C700F88529 /* SegmentControl */ = {
			isa = PBXGroup;
			children = (
				FA2735652537A49E00F88529 /* SegmentControl.h */,
				FA2735662537A49E00F88529 /* SegmentControl.m */,
			);
			path = SegmentControl;
			sourceTree = "<group>";
		};
		FA27356A25382F4800F88529 /* Presenter */ = {
			isa = PBXGroup;
			children = (
				FA27356B2538348B00F88529 /* SearchPresenter.h */,
				FA27356C2538348B00F88529 /* SearchPresenter.m */,
			);
			path = Presenter;
			sourceTree = "<group>";
		};
		FA27356F2538352600F88529 /* Cells */ = {
			isa = PBXGroup;
			children = (
				FA2735702538360500F88529 /* DatePickerCell.h */,
				FA2735712538360500F88529 /* DatePickerCell.m */,
				FA273577253856E800F88529 /* PickerCell.h */,
				FA273578253856E800F88529 /* PickerCell.m */,
			);
			path = Cells;
			sourceTree = "<group>";
		};
		FA27357D25387EA800F88529 /* SearchResults */ = {
			isa = PBXGroup;
			children = (
				FA27358B2538899100F88529 /* Model */,
				FA2735892538890900F88529 /* View */,
				FA27358A2538891100F88529 /* Presenter */,
			);
			path = SearchResults;
			sourceTree = "<group>";
		};
		FA2735872538829F00F88529 /* Cells */ = {
			isa = PBXGroup;
			children = (
				FA2735832538829200F88529 /* FlightCell.h */,
				FA2735842538829200F88529 /* FlightCell.m */,
			);
			path = Cells;
			sourceTree = "<group>";
		};
		FA2735892538890900F88529 /* View */ = {
			isa = PBXGroup;
			children = (
				FA2735872538829F00F88529 /* Cells */,
				FA27357E2538800900F88529 /* SearchResultsViewController.h */,
				FA27357F2538800900F88529 /* SearchResultsViewController.m */,
			);
			path = View;
			sourceTree = "<group>";
		};
		FA27358A2538891100F88529 /* Presenter */ = {
			isa = PBXGroup;
			children = (
				FA27359025388AAD00F88529 /* SearchResultsPresenter.h */,
				FA27359125388AAD00F88529 /* SearchResultsPresenter.m */,
			);
			path = Presenter;
			sourceTree = "<group>";
		};
		FA27358B2538899100F88529 /* Model */ = {
			isa = PBXGroup;
			children = (
				FA27358C25388A4700F88529 /* FlightModel.h */,
				FA27358D25388A4700F88529 /* FlightModel.m */,
			);
			path = Model;
			sourceTree = "<group>";
		};
		FA78342C2531AEA2004AD2B7 = {
			isa = PBXGroup;
			children = (
				FA7834372531AEA2004AD2B7 /* AviaSalesConcept */,
				FA7834362531AEA2004AD2B7 /* Products */,
				1DAF851485AEC57B9BE25B32 /* Pods */,
				2143F030504B04AFE2FE5D70 /* Frameworks */,
			);
			sourceTree = "<group>";
		};
		FA7834362531AEA2004AD2B7 /* Products */ = {
			isa = PBXGroup;
			children = (
				FA7834352531AEA2004AD2B7 /* AviaSalesConcept.app */,
			);
			name = Products;
			sourceTree = "<group>";
		};
		FA7834372531AEA2004AD2B7 /* AviaSalesConcept */ = {
			isa = PBXGroup;
			children = (
				FA7834382531AEA2004AD2B7 /* AppDelegate.h */,
				FA7834392531AEA2004AD2B7 /* AppDelegate.m */,
				FA78345B253322DC004AD2B7 /* Screens */,
				FA9329CA25337F9C005D6847 /* Models */,
				FA1B3B9F2533721E0097CBEC /* Data */,
				FA9329C525337EB6005D6847 /* DataManagers */,
				FA7834442531AEA3004AD2B7 /* Assets.xcassets */,
				FA7834462531AEA3004AD2B7 /* LaunchScreen.storyboard */,
				FA7834492531AEA3004AD2B7 /* Info.plist */,
				FA78344A2531AEA3004AD2B7 /* main.m */,
				FAE5F6D525437B0100A69F31 /* DateHelper.h */,
				FAE5F6D625437B0100A69F31 /* DateHelper.m */,
			);
			path = AviaSalesConcept;
			sourceTree = "<group>";
		};
		FA78345B253322DC004AD2B7 /* Screens */ = {
			isa = PBXGroup;
			children = (
				FA27354C2536591300F88529 /* Search */,
				FA27357D25387EA800F88529 /* SearchResults */,
				FA1B3B9925335D520097CBEC /* Restaurants */,
				FA78345D2533230D004AD2B7 /* Main */,
				FAE5F6AA2540CE4300A69F31 /* News */,
				FAE5F6E92545B88E00A69F31 /* Map */,
				FA783462253324E3004AD2B7 /* Colors.xcassets */,
				FA2735A12539ECC600F88529 /* NavigationController.h */,
				FA2735A22539ECC600F88529 /* NavigationController.m */,
				FAE5F6DF25438CF300A69F31 /* TabBarController.h */,
				FAE5F6E025438CF300A69F31 /* TabBarController.m */,
			);
			path = Screens;
			sourceTree = "<group>";
		};
		FA78345D2533230D004AD2B7 /* Main */ = {
			isa = PBXGroup;
			children = (
				FAE5F6B22540D7CD00A69F31 /* Protocols */,
				FAE5F653253F1ABB00A69F31 /* Cells */,
				FAE5F646253F0AF700A69F31 /* News */,
				FA78343E2531AEA2004AD2B7 /* MainViewController.h */,
				FA78343F2531AEA2004AD2B7 /* MainViewController.m */,
				FA78345F25332320004AD2B7 /* Main.xcassets */,
			);
			path = Main;
			sourceTree = "<group>";
		};
		FA9329C525337EB6005D6847 /* DataManagers */ = {
			isa = PBXGroup;
			children = (
				FA9329C625337F09005D6847 /* DataManager.h */,
				FA9329C725337F09005D6847 /* DataManager.m */,
				FADF8E72253B282B00D96D58 /* APIManager.h */,
				FADF8E73253B282B00D96D58 /* APIManager.m */,
				FADF8E76253B33C000D96D58 /* RequestCondition.h */,
				FADF8E77253B33C000D96D58 /* RequestCondition.m */,
			);
			path = DataManagers;
			sourceTree = "<group>";
		};
		FA9329CA25337F9C005D6847 /* Models */ = {
			isa = PBXGroup;
			children = (
				FA9329E22534AC2C005D6847 /* Restaurant */,
				FA9329D725338353005D6847 /* Airport */,
				FA9329D125338318005D6847 /* Country */,
				FA9329D0253382FA005D6847 /* City */,
				FA9329E72534AD11005D6847 /* Models.h */,
			);
			path = Models;
			sourceTree = "<group>";
		};
		FA9329D0253382FA005D6847 /* City */ = {
			isa = PBXGroup;
			children = (
				FA9329CB25338030005D6847 /* City.h */,
				FA9329CC25338030005D6847 /* City.m */,
			);
			path = City;
			sourceTree = "<group>";
		};
		FA9329D125338318005D6847 /* Country */ = {
			isa = PBXGroup;
			children = (
				FA9329D225338342005D6847 /* Country.h */,
				FA9329D325338342005D6847 /* Country.m */,
			);
			path = Country;
			sourceTree = "<group>";
		};
		FA9329D725338353005D6847 /* Airport */ = {
			isa = PBXGroup;
			children = (
				FA9329D8253383BC005D6847 /* Airport.h */,
				FA9329D9253383BC005D6847 /* Airport.m */,
			);
			path = Airport;
			sourceTree = "<group>";
		};
		FA9329DC253485F8005D6847 /* Cells */ = {
			isa = PBXGroup;
			children = (
				FA9329DD25349578005D6847 /* RestaurantCell.h */,
				FA9329DE25349578005D6847 /* RestaurantCell.m */,
			);
			path = Cells;
			sourceTree = "<group>";
		};
		FA9329E22534AC2C005D6847 /* Restaurant */ = {
			isa = PBXGroup;
			children = (
				FA9329E32534AC55005D6847 /* Restaurant.h */,
				FA9329E42534AC55005D6847 /* Restaurant.m */,
			);
			path = Restaurant;
			sourceTree = "<group>";
		};
		FAE5F646253F0AF700A69F31 /* News */ = {
			isa = PBXGroup;
			children = (
				FAE5F652253F10D600A69F31 /* Data */,
				FAE5F64C253F0F3E00A69F31 /* Presenter */,
				FAE5F64B253F0DD300A69F31 /* View */,
			);
			path = News;
			sourceTree = "<group>";
		};
		FAE5F64B253F0DD300A69F31 /* View */ = {
			isa = PBXGroup;
			children = (
				FAE5F69E2540AB1B00A69F31 /* Cells */,
				FAE5F647253F0C9900A69F31 /* NewsView.h */,
				FAE5F648253F0C9900A69F31 /* NewsView.m */,
			);
			path = View;
			sourceTree = "<group>";
		};
		FAE5F64C253F0F3E00A69F31 /* Presenter */ = {
			isa = PBXGroup;
			children = (
				FAE5F64D253F10A700A69F31 /* NewsPresenter.h */,
				FAE5F64E253F10A700A69F31 /* NewsPresenter.m */,
			);
			path = Presenter;
			sourceTree = "<group>";
		};
		FAE5F652253F10D600A69F31 /* Data */ = {
			isa = PBXGroup;
			children = (
				FAE5F69825408A8000A69F31 /* NewsItem */,
				FAE5F6942540420100A69F31 /* NewsService.h */,
				FAE5F6952540420100A69F31 /* NewsService.m */,
			);
			path = Data;
			sourceTree = "<group>";
		};
		FAE5F653253F1ABB00A69F31 /* Cells */ = {
			isa = PBXGroup;
			children = (
				FAE5F68F253FA92500A69F31 /* News */,
				FAE5F68A253F9DF000A69F31 /* Services */,
				FAE5F688253F9B6600A69F31 /* Profile */,
			);
			path = Cells;
			sourceTree = "<group>";
		};
		FAE5F688253F9B6600A69F31 /* Profile */ = {
			isa = PBXGroup;
			children = (
				FAE5F684253F4A9400A69F31 /* ProfileCell.h */,
				FAE5F685253F4A9400A69F31 /* ProfileCell.m */,
			);
			path = Profile;
			sourceTree = "<group>";
		};
		FAE5F68A253F9DF000A69F31 /* Services */ = {
			isa = PBXGroup;
			children = (
				FAE5F68B253F9E1300A69F31 /* ServiceCell.h */,
				FAE5F68C253F9E1300A69F31 /* ServiceCell.m */,
			);
			path = Services;
			sourceTree = "<group>";
		};
		FAE5F68F253FA92500A69F31 /* News */ = {
			isa = PBXGroup;
			children = (
				FAE5F690253FA93C00A69F31 /* NewsCell.h */,
				FAE5F691253FA93C00A69F31 /* NewsCell.m */,
			);
			path = News;
			sourceTree = "<group>";
		};
		FAE5F69825408A8000A69F31 /* NewsItem */ = {
			isa = PBXGroup;
			children = (
				FAE5F69925408C3100A69F31 /* NewsItem.h */,
				FAE5F69A25408C3100A69F31 /* NewsItem.m */,
			);
			path = NewsItem;
			sourceTree = "<group>";
		};
		FAE5F69E2540AB1B00A69F31 /* Cells */ = {
			isa = PBXGroup;
			children = (
				FAE5F69F2540AB3D00A69F31 /* NewsItemCell.h */,
				FAE5F6A02540AB3D00A69F31 /* NewsItemCell.m */,
			);
			path = Cells;
			sourceTree = "<group>";
		};
		FAE5F6AA2540CE4300A69F31 /* News */ = {
			isa = PBXGroup;
			children = (
				FAE5F6AB2540CF2600A69F31 /* Detail */,
			);
			path = News;
			sourceTree = "<group>";
		};
		FAE5F6AB2540CF2600A69F31 /* Detail */ = {
			isa = PBXGroup;
			children = (
				FAE5F6AC2540CF4600A69F31 /* NewsDetailViewController.h */,
				FAE5F6AD2540CF4600A69F31 /* NewsDetailViewController.m */,
			);
			path = Detail;
			sourceTree = "<group>";
		};
		FAE5F6B22540D7CD00A69F31 /* Protocols */ = {
			isa = PBXGroup;
			children = (
				FAE5F6B32540D7FB00A69F31 /* MainFlow.h */,
			);
			path = Protocols;
			sourceTree = "<group>";
		};
		FAE5F6E92545B88E00A69F31 /* Map */ = {
			isa = PBXGroup;
			children = (
				FAE5F6F62545F9E200A69F31 /* Annotation */,
				FAE5F6EA2545B97A00A69F31 /* MapViewController.h */,
				FAE5F6EB2545B97A00A69F31 /* MapViewController.m */,
				FAE5F6F12545F5F500A69F31 /* MapViewController+MapKit.h */,
				FAE5F6F22545F5F500A69F31 /* MapViewController+MapKit.m */,
			);
			path = Map;
			sourceTree = "<group>";
		};
		FAE5F6F62545F9E200A69F31 /* Annotation */ = {
			isa = PBXGroup;
			children = (
				FAE5F6F72545FA0700A69F31 /* CustomAnnotationView.h */,
				FAE5F6F82545FA0700A69F31 /* CustomAnnotationView.m */,
			);
			path = Annotation;
			sourceTree = "<group>";
		};
/* End PBXGroup section */

/* Begin PBXNativeTarget section */
		FA7834342531AEA2004AD2B7 /* AviaSalesConcept */ = {
			isa = PBXNativeTarget;
			buildConfigurationList = FA78344E2531AEA3004AD2B7 /* Build configuration list for PBXNativeTarget "AviaSalesConcept" */;
			buildPhases = (
				AA9B57B8AC533B2F8D4007D0 /* [CP] Check Pods Manifest.lock */,
				FA7834312531AEA2004AD2B7 /* Sources */,
				FA7834322531AEA2004AD2B7 /* Frameworks */,
				FA7834332531AEA2004AD2B7 /* Resources */,
				8ACF83337E53519F603F1DE0 /* [CP] Embed Pods Frameworks */,
			);
			buildRules = (
			);
			dependencies = (
			);
			name = AviaSalesConcept;
			productName = AviaSalesConcept;
			productReference = FA7834352531AEA2004AD2B7 /* AviaSalesConcept.app */;
			productType = "com.apple.product-type.application";
		};
/* End PBXNativeTarget section */

/* Begin PBXProject section */
		FA78342D2531AEA2004AD2B7 /* Project object */ = {
			isa = PBXProject;
			attributes = {
				LastUpgradeCheck = 1200;
				TargetAttributes = {
					FA7834342531AEA2004AD2B7 = {
						CreatedOnToolsVersion = 12.0.1;
					};
				};
			};
			buildConfigurationList = FA7834302531AEA2004AD2B7 /* Build configuration list for PBXProject "AviaSalesConcept" */;
			compatibilityVersion = "Xcode 9.3";
			developmentRegion = en;
			hasScannedForEncodings = 0;
			knownRegions = (
				en,
				Base,
			);
			mainGroup = FA78342C2531AEA2004AD2B7;
			productRefGroup = FA7834362531AEA2004AD2B7 /* Products */;
			projectDirPath = "";
			projectRoot = "";
			targets = (
				FA7834342531AEA2004AD2B7 /* AviaSalesConcept */,
			);
		};
/* End PBXProject section */

/* Begin PBXResourcesBuildPhase section */
		FA7834332531AEA2004AD2B7 /* Resources */ = {
			isa = PBXResourcesBuildPhase;
			buildActionMask = 2147483647;
			files = (
				FA1B3BA6253375F20097CBEC /* cities.json in Resources */,
				FA1B3BA8253375F20097CBEC /* airports.json in Resources */,
				FA27355A25365F8900F88529 /* SearchControl.xcassets in Resources */,
				FA7834482531AEA3004AD2B7 /* LaunchScreen.storyboard in Resources */,
				FA783463253324E3004AD2B7 /* Colors.xcassets in Resources */,
				FA1B3BA1253372820097CBEC /* Restaurants.xcassets in Resources */,
				FA78346025332320004AD2B7 /* Main.xcassets in Resources */,
				FA1B3BA7253375F20097CBEC /* countries.json in Resources */,
				FA7834452531AEA3004AD2B7 /* Assets.xcassets in Resources */,
			);
			runOnlyForDeploymentPostprocessing = 0;
		};
/* End PBXResourcesBuildPhase section */

/* Begin PBXShellScriptBuildPhase section */
		8ACF83337E53519F603F1DE0 /* [CP] Embed Pods Frameworks */ = {
			isa = PBXShellScriptBuildPhase;
			buildActionMask = 2147483647;
			files = (
			);
			inputFileListPaths = (
				"${PODS_ROOT}/Target Support Files/Pods-AviaSalesConcept/Pods-AviaSalesConcept-frameworks-${CONFIGURATION}-input-files.xcfilelist",
			);
			name = "[CP] Embed Pods Frameworks";
			outputFileListPaths = (
				"${PODS_ROOT}/Target Support Files/Pods-AviaSalesConcept/Pods-AviaSalesConcept-frameworks-${CONFIGURATION}-output-files.xcfilelist",
			);
			runOnlyForDeploymentPostprocessing = 0;
			shellPath = /bin/sh;
			shellScript = "\"${PODS_ROOT}/Target Support Files/Pods-AviaSalesConcept/Pods-AviaSalesConcept-frameworks.sh\"\n";
			showEnvVarsInLog = 0;
		};
		AA9B57B8AC533B2F8D4007D0 /* [CP] Check Pods Manifest.lock */ = {
			isa = PBXShellScriptBuildPhase;
			buildActionMask = 2147483647;
			files = (
			);
			inputFileListPaths = (
			);
			inputPaths = (
				"${PODS_PODFILE_DIR_PATH}/Podfile.lock",
				"${PODS_ROOT}/Manifest.lock",
			);
			name = "[CP] Check Pods Manifest.lock";
			outputFileListPaths = (
			);
			outputPaths = (
				"$(DERIVED_FILE_DIR)/Pods-AviaSalesConcept-checkManifestLockResult.txt",
			);
			runOnlyForDeploymentPostprocessing = 0;
			shellPath = /bin/sh;
			shellScript = "diff \"${PODS_PODFILE_DIR_PATH}/Podfile.lock\" \"${PODS_ROOT}/Manifest.lock\" > /dev/null\nif [ $? != 0 ] ; then\n    # print error to STDERR\n    echo \"error: The sandbox is not in sync with the Podfile.lock. Run 'pod install' or update your CocoaPods installation.\" >&2\n    exit 1\nfi\n# This output is used by Xcode 'outputs' to avoid re-running this script phase.\necho \"SUCCESS\" > \"${SCRIPT_OUTPUT_FILE_0}\"\n";
			showEnvVarsInLog = 0;
		};
/* End PBXShellScriptBuildPhase section */

/* Begin PBXSourcesBuildPhase section */
		FA7834312531AEA2004AD2B7 /* Sources */ = {
			isa = PBXSourcesBuildPhase;
			buildActionMask = 2147483647;
			files = (
				FA9329D425338342005D6847 /* Country.m in Sources */,
				FAE5F6AE2540CF4600A69F31 /* NewsDetailViewController.m in Sources */,
				FA273579253856E800F88529 /* PickerCell.m in Sources */,
				FAE5F6EC2545B97A00A69F31 /* MapViewController.m in Sources */,
				FADF8E74253B282B00D96D58 /* APIManager.m in Sources */,
				FA27355625365EC300F88529 /* SearchControl.m in Sources */,
				FA7834402531AEA2004AD2B7 /* MainViewController.m in Sources */,
				FA9329DF25349578005D6847 /* RestaurantCell.m in Sources */,
				FAE5F6E125438CF300A69F31 /* TabBarController.m in Sources */,
				FA9329C825337F09005D6847 /* DataManager.m in Sources */,
				FA27359225388AAD00F88529 /* SearchResultsPresenter.m in Sources */,
				FA9329CD25338030005D6847 /* City.m in Sources */,
				FA1B3B9C25335DA10097CBEC /* RestorantsViewController.m in Sources */,
				FA2735722538360500F88529 /* DatePickerCell.m in Sources */,
				FA2735802538800900F88529 /* SearchResultsViewController.m in Sources */,
				FA9329E52534AC55005D6847 /* Restaurant.m in Sources */,
				FADF8E78253B33C000D96D58 /* RequestCondition.m in Sources */,
				FA9329DA253383BC005D6847 /* Airport.m in Sources */,
				FAE5F6F92545FA0700A69F31 /* CustomAnnotationView.m in Sources */,
				FA27355F2536736500F88529 /* PickableLabel.m in Sources */,
				FAE5F69B25408C3100A69F31 /* NewsItem.m in Sources */,
				FA27356D2538348B00F88529 /* SearchPresenter.m in Sources */,
				FA2735852538829200F88529 /* FlightCell.m in Sources */,
				FAE5F649253F0C9900A69F31 /* NewsView.m in Sources */,
				FAE5F686253F4A9400A69F31 /* ProfileCell.m in Sources */,
				FAE5F6A12540AB3D00A69F31 /* NewsItemCell.m in Sources */,
				FAE5F6D725437B0100A69F31 /* DateHelper.m in Sources */,
				FAE5F64F253F10A700A69F31 /* NewsPresenter.m in Sources */,
				FAE5F68D253F9E1300A69F31 /* ServiceCell.m in Sources */,
				FAE5F6962540420100A69F31 /* NewsService.m in Sources */,
				FA27355025365BA700F88529 /* SearchViewController.m in Sources */,
				FA2735672537A49E00F88529 /* SegmentControl.m in Sources */,
				FAE5F692253FA93C00A69F31 /* NewsCell.m in Sources */,
				FA78343A2531AEA2004AD2B7 /* AppDelegate.m in Sources */,
				FAE5F6F32545F5F500A69F31 /* MapViewController+MapKit.m in Sources */,
				FA2735A32539ECC600F88529 /* NavigationController.m in Sources */,
				FA78344B2531AEA3004AD2B7 /* main.m in Sources */,
				FA27358E25388A4700F88529 /* FlightModel.m in Sources */,
			);
			runOnlyForDeploymentPostprocessing = 0;
		};
/* End PBXSourcesBuildPhase section */

/* Begin PBXVariantGroup section */
		FA7834462531AEA3004AD2B7 /* LaunchScreen.storyboard */ = {
			isa = PBXVariantGroup;
			children = (
				FA7834472531AEA3004AD2B7 /* Base */,
			);
			name = LaunchScreen.storyboard;
			sourceTree = "<group>";
		};
/* End PBXVariantGroup section */

/* Begin XCBuildConfiguration section */
		FA78344C2531AEA3004AD2B7 /* Debug */ = {
			isa = XCBuildConfiguration;
			buildSettings = {
				ALWAYS_SEARCH_USER_PATHS = NO;
				CLANG_ANALYZER_NONNULL = YES;
				CLANG_ANALYZER_NUMBER_OBJECT_CONVERSION = YES_AGGRESSIVE;
				CLANG_CXX_LANGUAGE_STANDARD = "gnu++14";
				CLANG_CXX_LIBRARY = "libc++";
				CLANG_ENABLE_MODULES = YES;
				CLANG_ENABLE_OBJC_ARC = YES;
				CLANG_ENABLE_OBJC_WEAK = YES;
				CLANG_WARN_BLOCK_CAPTURE_AUTORELEASING = YES;
				CLANG_WARN_BOOL_CONVERSION = YES;
				CLANG_WARN_COMMA = YES;
				CLANG_WARN_CONSTANT_CONVERSION = YES;
				CLANG_WARN_DEPRECATED_OBJC_IMPLEMENTATIONS = YES;
				CLANG_WARN_DIRECT_OBJC_ISA_USAGE = YES_ERROR;
				CLANG_WARN_DOCUMENTATION_COMMENTS = YES;
				CLANG_WARN_EMPTY_BODY = YES;
				CLANG_WARN_ENUM_CONVERSION = YES;
				CLANG_WARN_INFINITE_RECURSION = YES;
				CLANG_WARN_INT_CONVERSION = YES;
				CLANG_WARN_NON_LITERAL_NULL_CONVERSION = YES;
				CLANG_WARN_OBJC_IMPLICIT_RETAIN_SELF = YES;
				CLANG_WARN_OBJC_LITERAL_CONVERSION = YES;
				CLANG_WARN_OBJC_ROOT_CLASS = YES_ERROR;
				CLANG_WARN_QUOTED_INCLUDE_IN_FRAMEWORK_HEADER = YES;
				CLANG_WARN_RANGE_LOOP_ANALYSIS = YES;
				CLANG_WARN_STRICT_PROTOTYPES = YES;
				CLANG_WARN_SUSPICIOUS_MOVE = YES;
				CLANG_WARN_UNGUARDED_AVAILABILITY = YES_AGGRESSIVE;
				CLANG_WARN_UNREACHABLE_CODE = YES;
				CLANG_WARN__DUPLICATE_METHOD_MATCH = YES;
				COPY_PHASE_STRIP = NO;
				DEBUG_INFORMATION_FORMAT = dwarf;
				ENABLE_STRICT_OBJC_MSGSEND = YES;
				ENABLE_TESTABILITY = YES;
				GCC_C_LANGUAGE_STANDARD = gnu11;
				GCC_DYNAMIC_NO_PIC = NO;
				GCC_NO_COMMON_BLOCKS = YES;
				GCC_OPTIMIZATION_LEVEL = 0;
				GCC_PREPROCESSOR_DEFINITIONS = (
					"DEBUG=1",
					"$(inherited)",
				);
				GCC_WARN_64_TO_32_BIT_CONVERSION = YES;
				GCC_WARN_ABOUT_RETURN_TYPE = YES_ERROR;
				GCC_WARN_UNDECLARED_SELECTOR = YES;
				GCC_WARN_UNINITIALIZED_AUTOS = YES_AGGRESSIVE;
				GCC_WARN_UNUSED_FUNCTION = YES;
				GCC_WARN_UNUSED_VARIABLE = YES;
				IPHONEOS_DEPLOYMENT_TARGET = 14.0;
				MTL_ENABLE_DEBUG_INFO = INCLUDE_SOURCE;
				MTL_FAST_MATH = YES;
				ONLY_ACTIVE_ARCH = YES;
				SDKROOT = iphoneos;
			};
			name = Debug;
		};
		FA78344D2531AEA3004AD2B7 /* Release */ = {
			isa = XCBuildConfiguration;
			buildSettings = {
				ALWAYS_SEARCH_USER_PATHS = NO;
				CLANG_ANALYZER_NONNULL = YES;
				CLANG_ANALYZER_NUMBER_OBJECT_CONVERSION = YES_AGGRESSIVE;
				CLANG_CXX_LANGUAGE_STANDARD = "gnu++14";
				CLANG_CXX_LIBRARY = "libc++";
				CLANG_ENABLE_MODULES = YES;
				CLANG_ENABLE_OBJC_ARC = YES;
				CLANG_ENABLE_OBJC_WEAK = YES;
				CLANG_WARN_BLOCK_CAPTURE_AUTORELEASING = YES;
				CLANG_WARN_BOOL_CONVERSION = YES;
				CLANG_WARN_COMMA = YES;
				CLANG_WARN_CONSTANT_CONVERSION = YES;
				CLANG_WARN_DEPRECATED_OBJC_IMPLEMENTATIONS = YES;
				CLANG_WARN_DIRECT_OBJC_ISA_USAGE = YES_ERROR;
				CLANG_WARN_DOCUMENTATION_COMMENTS = YES;
				CLANG_WARN_EMPTY_BODY = YES;
				CLANG_WARN_ENUM_CONVERSION = YES;
				CLANG_WARN_INFINITE_RECURSION = YES;
				CLANG_WARN_INT_CONVERSION = YES;
				CLANG_WARN_NON_LITERAL_NULL_CONVERSION = YES;
				CLANG_WARN_OBJC_IMPLICIT_RETAIN_SELF = YES;
				CLANG_WARN_OBJC_LITERAL_CONVERSION = YES;
				CLANG_WARN_OBJC_ROOT_CLASS = YES_ERROR;
				CLANG_WARN_QUOTED_INCLUDE_IN_FRAMEWORK_HEADER = YES;
				CLANG_WARN_RANGE_LOOP_ANALYSIS = YES;
				CLANG_WARN_STRICT_PROTOTYPES = YES;
				CLANG_WARN_SUSPICIOUS_MOVE = YES;
				CLANG_WARN_UNGUARDED_AVAILABILITY = YES_AGGRESSIVE;
				CLANG_WARN_UNREACHABLE_CODE = YES;
				CLANG_WARN__DUPLICATE_METHOD_MATCH = YES;
				COPY_PHASE_STRIP = NO;
				DEBUG_INFORMATION_FORMAT = "dwarf-with-dsym";
				ENABLE_NS_ASSERTIONS = NO;
				ENABLE_STRICT_OBJC_MSGSEND = YES;
				GCC_C_LANGUAGE_STANDARD = gnu11;
				GCC_NO_COMMON_BLOCKS = YES;
				GCC_WARN_64_TO_32_BIT_CONVERSION = YES;
				GCC_WARN_ABOUT_RETURN_TYPE = YES_ERROR;
				GCC_WARN_UNDECLARED_SELECTOR = YES;
				GCC_WARN_UNINITIALIZED_AUTOS = YES_AGGRESSIVE;
				GCC_WARN_UNUSED_FUNCTION = YES;
				GCC_WARN_UNUSED_VARIABLE = YES;
				IPHONEOS_DEPLOYMENT_TARGET = 14.0;
				MTL_ENABLE_DEBUG_INFO = NO;
				MTL_FAST_MATH = YES;
				SDKROOT = iphoneos;
				VALIDATE_PRODUCT = YES;
			};
			name = Release;
		};
		FA78344F2531AEA3004AD2B7 /* Debug */ = {
			isa = XCBuildConfiguration;
			baseConfigurationReference = 767166AAD2450DCAA1B07EE5 /* Pods-AviaSalesConcept.debug.xcconfig */;
			buildSettings = {
				ASSETCATALOG_COMPILER_APPICON_NAME = AppIcon;
				ASSETCATALOG_COMPILER_GLOBAL_ACCENT_COLOR_NAME = AccentColor;
				CODE_SIGN_STYLE = Automatic;
				DEVELOPMENT_TEAM = RF42FG352F;
				INFOPLIST_FILE = AviaSalesConcept/Info.plist;
				LD_RUNPATH_SEARCH_PATHS = (
					"$(inherited)",
					"@executable_path/Frameworks",
				);
				MARKETING_VERSION = 0.1;
				PRODUCT_BUNDLE_IDENTIFIER = ru.adeveloper.AviaSalesConcept;
				PRODUCT_NAME = "$(TARGET_NAME)";
				TARGETED_DEVICE_FAMILY = 1;
			};
			name = Debug;
		};
		FA7834502531AEA3004AD2B7 /* Release */ = {
			isa = XCBuildConfiguration;
			baseConfigurationReference = 3237967F6273EDC744F8A3A5 /* Pods-AviaSalesConcept.release.xcconfig */;
			buildSettings = {
				ASSETCATALOG_COMPILER_APPICON_NAME = AppIcon;
				ASSETCATALOG_COMPILER_GLOBAL_ACCENT_COLOR_NAME = AccentColor;
				CODE_SIGN_STYLE = Automatic;
				DEVELOPMENT_TEAM = RF42FG352F;
				INFOPLIST_FILE = AviaSalesConcept/Info.plist;
				LD_RUNPATH_SEARCH_PATHS = (
					"$(inherited)",
					"@executable_path/Frameworks",
				);
				MARKETING_VERSION = 0.1;
				PRODUCT_BUNDLE_IDENTIFIER = ru.adeveloper.AviaSalesConcept;
				PRODUCT_NAME = "$(TARGET_NAME)";
				TARGETED_DEVICE_FAMILY = 1;
			};
			name = Release;
		};
/* End XCBuildConfiguration section */

/* Begin XCConfigurationList section */
		FA7834302531AEA2004AD2B7 /* Build configuration list for PBXProject "AviaSalesConcept" */ = {
			isa = XCConfigurationList;
			buildConfigurations = (
				FA78344C2531AEA3004AD2B7 /* Debug */,
				FA78344D2531AEA3004AD2B7 /* Release */,
			);
			defaultConfigurationIsVisible = 0;
			defaultConfigurationName = Release;
		};
		FA78344E2531AEA3004AD2B7 /* Build configuration list for PBXNativeTarget "AviaSalesConcept" */ = {
			isa = XCConfigurationList;
			buildConfigurations = (
				FA78344F2531AEA3004AD2B7 /* Debug */,
				FA7834502531AEA3004AD2B7 /* Release */,
			);
			defaultConfigurationIsVisible = 0;
			defaultConfigurationName = Release;
		};
/* End XCConfigurationList section */
	};
	rootObject = FA78342D2531AEA2004AD2B7 /* Project object */;
}
